
Microsoft Visual Studio Solution File, Format Version 12.00
# Visual Studio Version 17
VisualStudioVersion = 17.0.31903.59
MinimumVisualStudioVersion = 10.0.40219.1
Project("{2150E333-8FDC-42A3-9474-1A3956D46DE8}") = "src", "src", "{827E0CD3-B72D-47B6-A68D-7590B98EB39B}"
EndProject
Project("{FAE04EC0-301F-11D3-BF4B-00C04F79EFBC}") = "AuthService", "src\AuthService\AuthService.csproj", "{6B67C496-7FE1-42F3-A516-BE563251368A}"
EndProject
Project("{FAE04EC0-301F-11D3-BF4B-00C04F79EFBC}") = "UserService", "src\UserService\UserService.csproj", "{016E2EE8-81A5-4660-8FA2-80429A0AA039}"
EndProject
Project("{2150E333-8FDC-42A3-9474-1A3956D46DE8}") = "shared", "shared", "{4F52FD11-658E-A102-6CD3-7D7C16FFA15B}"
EndProject
Project("{FAE04EC0-301F-11D3-BF4B-00C04F79EFBC}") = "Contracts", "shared\Contracts\Contracts.csproj", "{5D1B3561-E64E-4828-87E3-2F0885A19610}"
EndProject
Project("{FAE04EC0-301F-11D3-BF4B-00C04F79EFBC}") = "CommonUtils", "shared\CommonUtils\CommonUtils.csproj", "{876EF572-F630-486C-B7ED-A1A6A4450265}"
EndProject
Project("{FAE04EC0-301F-11D3-BF4B-00C04F79EFBC}") = "PortfolioService", "src\PortfolioService\PortfolioService.csproj", "{8B97C447-6CEF-4363-85E9-16203C133367}"
EndProject
Project("{FAE04EC0-301F-11D3-BF4B-00C04F79EFBC}") = "ArtworkService", "src\ArtworkService\ArtworkService.csproj", "{FFB2BBEB-1CA1-41D8-B1DD-E64E5145FDB8}"
EndProject
Project("{FAE04EC0-301F-11D3-BF4B-00C04F79EFBC}") = "CategoryService", "src\CategoryService\CategoryService.csproj", "{A679F53A-2C99-456F-AEF1-C95195FD0CB3}"
EndProject
Project("{FAE04EC0-301F-11D3-BF4B-00C04F79EFBC}") = "CritiqueService", "src\CritiqueService\CritiqueService.csproj", "{ECE3756E-03EA-4078-836E-BF329B50750F}"
EndProject
Project("{FAE04EC0-301F-11D3-BF4B-00C04F79EFBC}") = "SubscriptionService", "src\SubscriptionService\SubscriptionService.csproj", "{FE0B4870-C577-4694-9340-EA348997402C}"
EndProject
Project("{2150E333-8FDC-42A3-9474-1A3956D46DE8}") = "Solution Items", "Solution Items", "{8EC462FD-D22E-90A8-E5CE-7E832BA40C5D}"
	ProjectSection(SolutionItems) = preProject
		.dockerignore = .dockerignore
		.gitattributes = .gitattributes
		.gitignore = .gitignore
		ArtPlatform.slnLaunch.user = ArtPlatform.slnLaunch.user
		docker-compose.yml = docker-compose.yml
		README.md = README.md
	EndProjectSection
EndProject
Global
	GlobalSection(SolutionConfigurationPlatforms) = preSolution
		Debug|Any CPU = Debug|Any CPU
		Debug|x64 = Debug|x64
		Debug|x86 = Debug|x86
		Release|Any CPU = Release|Any CPU
		Release|x64 = Release|x64
		Release|x86 = Release|x86
	EndGlobalSection
	GlobalSection(ProjectConfigurationPlatforms) = postSolution
		{6B67C496-7FE1-42F3-A516-BE563251368A}.Debug|Any CPU.ActiveCfg = Debug|Any CPU
		{6B67C496-7FE1-42F3-A516-BE563251368A}.Debug|Any CPU.Build.0 = Debug|Any CPU
		{6B67C496-7FE1-42F3-A516-BE563251368A}.Debug|x64.ActiveCfg = Debug|Any CPU
		{6B67C496-7FE1-42F3-A516-BE563251368A}.Debug|x64.Build.0 = Debug|Any CPU
		{6B67C496-7FE1-42F3-A516-BE563251368A}.Debug|x86.ActiveCfg = Debug|Any CPU
		{6B67C496-7FE1-42F3-A516-BE563251368A}.Debug|x86.Build.0 = Debug|Any CPU
		{6B67C496-7FE1-42F3-A516-BE563251368A}.Release|Any CPU.ActiveCfg = Release|Any CPU
		{6B67C496-7FE1-42F3-A516-BE563251368A}.Release|Any CPU.Build.0 = Release|Any CPU
		{6B67C496-7FE1-42F3-A516-BE563251368A}.Release|x64.ActiveCfg = Release|Any CPU
		{6B67C496-7FE1-42F3-A516-BE563251368A}.Release|x64.Build.0 = Release|Any CPU
		{6B67C496-7FE1-42F3-A516-BE563251368A}.Release|x86.ActiveCfg = Release|Any CPU
		{6B67C496-7FE1-42F3-A516-BE563251368A}.Release|x86.Build.0 = Release|Any CPU
		{016E2EE8-81A5-4660-8FA2-80429A0AA039}.Debug|Any CPU.ActiveCfg = Debug|Any CPU
		{016E2EE8-81A5-4660-8FA2-80429A0AA039}.Debug|Any CPU.Build.0 = Debug|Any CPU
		{016E2EE8-81A5-4660-8FA2-80429A0AA039}.Debug|x64.ActiveCfg = Debug|Any CPU
		{016E2EE8-81A5-4660-8FA2-80429A0AA039}.Debug|x64.Build.0 = Debug|Any CPU
		{016E2EE8-81A5-4660-8FA2-80429A0AA039}.Debug|x86.ActiveCfg = Debug|Any CPU
		{016E2EE8-81A5-4660-8FA2-80429A0AA039}.Debug|x86.Build.0 = Debug|Any CPU
		{016E2EE8-81A5-4660-8FA2-80429A0AA039}.Release|Any CPU.ActiveCfg = Release|Any CPU
		{016E2EE8-81A5-4660-8FA2-80429A0AA039}.Release|Any CPU.Build.0 = Release|Any CPU
		{016E2EE8-81A5-4660-8FA2-80429A0AA039}.Release|x64.ActiveCfg = Release|Any CPU
		{016E2EE8-81A5-4660-8FA2-80429A0AA039}.Release|x64.Build.0 = Release|Any CPU
		{016E2EE8-81A5-4660-8FA2-80429A0AA039}.Release|x86.ActiveCfg = Release|Any CPU
		{016E2EE8-81A5-4660-8FA2-80429A0AA039}.Release|x86.Build.0 = Release|Any CPU
		{5D1B3561-E64E-4828-87E3-2F0885A19610}.Debug|Any CPU.ActiveCfg = Debug|Any CPU
		{5D1B3561-E64E-4828-87E3-2F0885A19610}.Debug|Any CPU.Build.0 = Debug|Any CPU
		{5D1B3561-E64E-4828-87E3-2F0885A19610}.Debug|x64.ActiveCfg = Debug|Any CPU
		{5D1B3561-E64E-4828-87E3-2F0885A19610}.Debug|x64.Build.0 = Debug|Any CPU
		{5D1B3561-E64E-4828-87E3-2F0885A19610}.Debug|x86.ActiveCfg = Debug|Any CPU
		{5D1B3561-E64E-4828-87E3-2F0885A19610}.Debug|x86.Build.0 = Debug|Any CPU
		{5D1B3561-E64E-4828-87E3-2F0885A19610}.Release|Any CPU.ActiveCfg = Release|Any CPU
		{5D1B3561-E64E-4828-87E3-2F0885A19610}.Release|Any CPU.Build.0 = Release|Any CPU
		{5D1B3561-E64E-4828-87E3-2F0885A19610}.Release|x64.ActiveCfg = Release|Any CPU
		{5D1B3561-E64E-4828-87E3-2F0885A19610}.Release|x64.Build.0 = Release|Any CPU
		{5D1B3561-E64E-4828-87E3-2F0885A19610}.Release|x86.ActiveCfg = Release|Any CPU
		{5D1B3561-E64E-4828-87E3-2F0885A19610}.Release|x86.Build.0 = Release|Any CPU
		{876EF572-F630-486C-B7ED-A1A6A4450265}.Debug|Any CPU.ActiveCfg = Debug|Any CPU
		{876EF572-F630-486C-B7ED-A1A6A4450265}.Debug|Any CPU.Build.0 = Debug|Any CPU
		{876EF572-F630-486C-B7ED-A1A6A4450265}.Debug|x64.ActiveCfg = Debug|Any CPU
		{876EF572-F630-486C-B7ED-A1A6A4450265}.Debug|x64.Build.0 = Debug|Any CPU
		{876EF572-F630-486C-B7ED-A1A6A4450265}.Debug|x86.ActiveCfg = Debug|Any CPU
		{876EF572-F630-486C-B7ED-A1A6A4450265}.Debug|x86.Build.0 = Debug|Any CPU
		{876EF572-F630-486C-B7ED-A1A6A4450265}.Release|Any CPU.ActiveCfg = Release|Any CPU
		{876EF572-F630-486C-B7ED-A1A6A4450265}.Release|Any CPU.Build.0 = Release|Any CPU
		{876EF572-F630-486C-B7ED-A1A6A4450265}.Release|x64.ActiveCfg = Release|Any CPU
		{876EF572-F630-486C-B7ED-A1A6A4450265}.Release|x64.Build.0 = Release|Any CPU
		{876EF572-F630-486C-B7ED-A1A6A4450265}.Release|x86.ActiveCfg = Release|Any CPU
		{876EF572-F630-486C-B7ED-A1A6A4450265}.Release|x86.Build.0 = Release|Any CPU
		{8B97C447-6CEF-4363-85E9-16203C133367}.Debug|Any CPU.ActiveCfg = Debug|Any CPU
		{8B97C447-6CEF-4363-85E9-16203C133367}.Debug|Any CPU.Build.0 = Debug|Any CPU
		{8B97C447-6CEF-4363-85E9-16203C133367}.Debug|x64.ActiveCfg = Debug|Any CPU
		{8B97C447-6CEF-4363-85E9-16203C133367}.Debug|x64.Build.0 = Debug|Any CPU
		{8B97C447-6CEF-4363-85E9-16203C133367}.Debug|x86.ActiveCfg = Debug|Any CPU
		{8B97C447-6CEF-4363-85E9-16203C133367}.Debug|x86.Build.0 = Debug|Any CPU
		{8B97C447-6CEF-4363-85E9-16203C133367}.Release|Any CPU.ActiveCfg = Release|Any CPU
		{8B97C447-6CEF-4363-85E9-16203C133367}.Release|Any CPU.Build.0 = Release|Any CPU
		{8B97C447-6CEF-4363-85E9-16203C133367}.Release|x64.ActiveCfg = Release|Any CPU
		{8B97C447-6CEF-4363-85E9-16203C133367}.Release|x64.Build.0 = Release|Any CPU
		{8B97C447-6CEF-4363-85E9-16203C133367}.Release|x86.ActiveCfg = Release|Any CPU
		{8B97C447-6CEF-4363-85E9-16203C133367}.Release|x86.Build.0 = Release|Any CPU
		{FFB2BBEB-1CA1-41D8-B1DD-E64E5145FDB8}.Debug|Any CPU.ActiveCfg = Debug|Any CPU
		{FFB2BBEB-1CA1-41D8-B1DD-E64E5145FDB8}.Debug|Any CPU.Build.0 = Debug|Any CPU
		{FFB2BBEB-1CA1-41D8-B1DD-E64E5145FDB8}.Debug|x64.ActiveCfg = Debug|Any CPU
		{FFB2BBEB-1CA1-41D8-B1DD-E64E5145FDB8}.Debug|x64.Build.0 = Debug|Any CPU
		{FFB2BBEB-1CA1-41D8-B1DD-E64E5145FDB8}.Debug|x86.ActiveCfg = Debug|Any CPU
		{FFB2BBEB-1CA1-41D8-B1DD-E64E5145FDB8}.Debug|x86.Build.0 = Debug|Any CPU
		{FFB2BBEB-1CA1-41D8-B1DD-E64E5145FDB8}.Release|Any CPU.ActiveCfg = Release|Any CPU
		{FFB2BBEB-1CA1-41D8-B1DD-E64E5145FDB8}.Release|Any CPU.Build.0 = Release|Any CPU
		{FFB2BBEB-1CA1-41D8-B1DD-E64E5145FDB8}.Release|x64.ActiveCfg = Release|Any CPU
		{FFB2BBEB-1CA1-41D8-B1DD-E64E5145FDB8}.Release|x64.Build.0 = Release|Any CPU
		{FFB2BBEB-1CA1-41D8-B1DD-E64E5145FDB8}.Release|x86.ActiveCfg = Release|Any CPU
		{FFB2BBEB-1CA1-41D8-B1DD-E64E5145FDB8}.Release|x86.Build.0 = Release|Any CPU
		{A679F53A-2C99-456F-AEF1-C95195FD0CB3}.Debug|Any CPU.ActiveCfg = Debug|Any CPU
		{A679F53A-2C99-456F-AEF1-C95195FD0CB3}.Debug|Any CPU.Build.0 = Debug|Any CPU
		{A679F53A-2C99-456F-AEF1-C95195FD0CB3}.Debug|x64.ActiveCfg = Debug|Any CPU
		{A679F53A-2C99-456F-AEF1-C95195FD0CB3}.Debug|x64.Build.0 = Debug|Any CPU
		{A679F53A-2C99-456F-AEF1-C95195FD0CB3}.Debug|x86.ActiveCfg = Debug|Any CPU
		{A679F53A-2C99-456F-AEF1-C95195FD0CB3}.Debug|x86.Build.0 = Debug|Any CPU
		{A679F53A-2C99-456F-AEF1-C95195FD0CB3}.Release|Any CPU.ActiveCfg = Release|Any CPU
		{A679F53A-2C99-456F-AEF1-C95195FD0CB3}.Release|Any CPU.Build.0 = Release|Any CPU
		{A679F53A-2C99-456F-AEF1-C95195FD0CB3}.Release|x64.ActiveCfg = Release|Any CPU
		{A679F53A-2C99-456F-AEF1-C95195FD0CB3}.Release|x64.Build.0 = Release|Any CPU
		{A679F53A-2C99-456F-AEF1-C95195FD0CB3}.Release|x86.ActiveCfg = Release|Any CPU
		{A679F53A-2C99-456F-AEF1-C95195FD0CB3}.Release|x86.Build.0 = Release|Any CPU
		{ECE3756E-03EA-4078-836E-BF329B50750F}.Debug|Any CPU.ActiveCfg = Debug|Any CPU
		{ECE3756E-03EA-4078-836E-BF329B50750F}.Debug|Any CPU.Build.0 = Debug|Any CPU
		{ECE3756E-03EA-4078-836E-BF329B50750F}.Debug|x64.ActiveCfg = Debug|Any CPU
		{ECE3756E-03EA-4078-836E-BF329B50750F}.Debug|x64.Build.0 = Debug|Any CPU
		{ECE3756E-03EA-4078-836E-BF329B50750F}.Debug|x86.ActiveCfg = Debug|Any CPU
		{ECE3756E-03EA-4078-836E-BF329B50750F}.Debug|x86.Build.0 = Debug|Any CPU
		{ECE3756E-03EA-4078-836E-BF329B50750F}.Release|Any CPU.ActiveCfg = Release|Any CPU
		{ECE3756E-03EA-4078-836E-BF329B50750F}.Release|Any CPU.Build.0 = Release|Any CPU
		{ECE3756E-03EA-4078-836E-BF329B50750F}.Release|x64.ActiveCfg = Release|Any CPU
		{ECE3756E-03EA-4078-836E-BF329B50750F}.Release|x64.Build.0 = Release|Any CPU
		{ECE3756E-03EA-4078-836E-BF329B50750F}.Release|x86.ActiveCfg = Release|Any CPU
		{ECE3756E-03EA-4078-836E-BF329B50750F}.Release|x86.Build.0 = Release|Any CPU
		{FE0B4870-C577-4694-9340-EA348997402C}.Debug|Any CPU.ActiveCfg = Debug|Any CPU
		{FE0B4870-C577-4694-9340-EA348997402C}.Debug|Any CPU.Build.0 = Debug|Any CPU
		{FE0B4870-C577-4694-9340-EA348997402C}.Debug|x64.ActiveCfg = Debug|Any CPU
		{FE0B4870-C577-4694-9340-EA348997402C}.Debug|x64.Build.0 = Debug|Any CPU
		{FE0B4870-C577-4694-9340-EA348997402C}.Debug|x86.ActiveCfg = Debug|Any CPU
		{FE0B4870-C577-4694-9340-EA348997402C}.Debug|x86.Build.0 = Debug|Any CPU
		{FE0B4870-C577-4694-9340-EA348997402C}.Release|Any CPU.ActiveCfg = Release|Any CPU
		{FE0B4870-C577-4694-9340-EA348997402C}.Release|Any CPU.Build.0 = Release|Any CPU
		{FE0B4870-C577-4694-9340-EA348997402C}.Release|x64.ActiveCfg = Release|Any CPU
		{FE0B4870-C577-4694-9340-EA348997402C}.Release|x64.Build.0 = Release|Any CPU
		{FE0B4870-C577-4694-9340-EA348997402C}.Release|x86.ActiveCfg = Release|Any CPU
		{FE0B4870-C577-4694-9340-EA348997402C}.Release|x86.Build.0 = Release|Any CPU
	EndGlobalSection
	GlobalSection(SolutionProperties) = preSolution
		HideSolutionNode = FALSE
	EndGlobalSection
	GlobalSection(NestedProjects) = preSolution
		{6B67C496-7FE1-42F3-A516-BE563251368A} = {827E0CD3-B72D-47B6-A68D-7590B98EB39B}
		{016E2EE8-81A5-4660-8FA2-80429A0AA039} = {827E0CD3-B72D-47B6-A68D-7590B98EB39B}
		{5D1B3561-E64E-4828-87E3-2F0885A19610} = {4F52FD11-658E-A102-6CD3-7D7C16FFA15B}
		{876EF572-F630-486C-B7ED-A1A6A4450265} = {4F52FD11-658E-A102-6CD3-7D7C16FFA15B}
		{8B97C447-6CEF-4363-85E9-16203C133367} = {827E0CD3-B72D-47B6-A68D-7590B98EB39B}
		{FFB2BBEB-1CA1-41D8-B1DD-E64E5145FDB8} = {827E0CD3-B72D-47B6-A68D-7590B98EB39B}
		{A679F53A-2C99-456F-AEF1-C95195FD0CB3} = {827E0CD3-B72D-47B6-A68D-7590B98EB39B}
		{ECE3756E-03EA-4078-836E-BF329B50750F} = {827E0CD3-B72D-47B6-A68D-7590B98EB39B}
		{FE0B4870-C577-4694-9340-EA348997402C} = {827E0CD3-B72D-47B6-A68D-7590B98EB39B}
	EndGlobalSection
	GlobalSection(ExtensibilityGlobals) = postSolution
		SolutionGuid = {59ED7DCC-2843-4F12-AE9B-5EC4ECC52539}
	EndGlobalSection
EndGlobal
